
Microsoft Visual Studio Solution File, Format Version 12.00
# Visual Studio 14
VisualStudioVersion = 14.0.25420.1
MinimumVisualStudioVersion = 10.0.40219.1
Project("{FAE04EC0-301F-11D3-BF4B-00C04F79EFBC}") = "Modules.FastReflection35", "Modules.FastReflection35\Modules.FastReflection35.csproj", "{77CAE14A-2982-4AE3-92B1-FC92D7E16399}"
EndProject
Project("{FAE04EC0-301F-11D3-BF4B-00C04F79EFBC}") = "Modules.FastReflection", "Modules.FastReflection\Modules.FastReflection.csproj", "{FF9CF496-0DF3-4815-83B3-CB85AA08FC67}"
EndProject
Project("{FAE04EC0-301F-11D3-BF4B-00C04F79EFBC}") = "Modules.FastReflectionLib", "Modules.FastReflectionLib\Modules.FastReflectionLib.csproj", "{ECB1A524-2A6C-496A-82C1-30D75DEA2680}"
EndProject
Project("{FAE04EC0-301F-11D3-BF4B-00C04F79EFBC}") = "Modules.AQE", "Modules.AQE\Modules.AQE.csproj", "{6E4B59FE-053E-4950-870E-2A1988E72364}"
EndProject
Project("{FAE04EC0-301F-11D3-BF4B-00C04F79EFBC}") = "Modules.AQEDecimal", "Modules.AQEDecimal\Modules.AQEDecimal.csproj", "{C0345BB3-F942-4C3B-85C9-573F281C2162}"
EndProject
Project("{FAE04EC0-301F-11D3-BF4B-00C04F79EFBC}") = "Modules.Basic", "Modules.Basic\Modules.Basic.csproj", "{C005D493-F80C-4348-9BA4-D7E01F5D5D7F}"
EndProject
Project("{FAE04EC0-301F-11D3-BF4B-00C04F79EFBC}") = "Modules.Basic40", "Modules.Basic40\Modules.Basic40.csproj", "{24A1A24E-22EF-49B1-83E2-7BD0AB73BDE3}"
EndProject
Project("{FAE04EC0-301F-11D3-BF4B-00C04F79EFBC}") = "Modules.AQEOld", "Modules.AQEOld\Modules.AQEOld.csproj", "{8D2FDABF-AE22-4CC5-9C3A-0A95A4061E3F}"
EndProject
Global
	GlobalSection(SolutionConfigurationPlatforms) = preSolution
		Debug|Any CPU = Debug|Any CPU
		Release|Any CPU = Release|Any CPU
	EndGlobalSection
	GlobalSection(ProjectConfigurationPlatforms) = postSolution
		{77CAE14A-2982-4AE3-92B1-FC92D7E16399}.Debug|Any CPU.ActiveCfg = Debug|Any CPU
		{77CAE14A-2982-4AE3-92B1-FC92D7E16399}.Debug|Any CPU.Build.0 = Debug|Any CPU
		{77CAE14A-2982-4AE3-92B1-FC92D7E16399}.Release|Any CPU.ActiveCfg = Release|Any CPU
		{77CAE14A-2982-4AE3-92B1-FC92D7E16399}.Release|Any CPU.Build.0 = Release|Any CPU
		{FF9CF496-0DF3-4815-83B3-CB85AA08FC67}.Debug|Any CPU.ActiveCfg = Debug|Any CPU
		{FF9CF496-0DF3-4815-83B3-CB85AA08FC67}.Debug|Any CPU.Build.0 = Debug|Any CPU
		{FF9CF496-0DF3-4815-83B3-CB85AA08FC67}.Release|Any CPU.ActiveCfg = Release|Any CPU
		{FF9CF496-0DF3-4815-83B3-CB85AA08FC67}.Release|Any CPU.Build.0 = Release|Any CPU
		{ECB1A524-2A6C-496A-82C1-30D75DEA2680}.Debug|Any CPU.ActiveCfg = Debug|Any CPU
		{ECB1A524-2A6C-496A-82C1-30D75DEA2680}.Debug|Any CPU.Build.0 = Debug|Any CPU
		{ECB1A524-2A6C-496A-82C1-30D75DEA2680}.Release|Any CPU.ActiveCfg = Release|Any CPU
		{ECB1A524-2A6C-496A-82C1-30D75DEA2680}.Release|Any CPU.Build.0 = Release|Any CPU
		{6E4B59FE-053E-4950-870E-2A1988E72364}.Debug|Any CPU.ActiveCfg = Debug|Any CPU
		{6E4B59FE-053E-4950-870E-2A1988E72364}.Debug|Any CPU.Build.0 = Debug|Any CPU
		{6E4B59FE-053E-4950-870E-2A1988E72364}.Release|Any CPU.ActiveCfg = Release|Any CPU
		{6E4B59FE-053E-4950-870E-2A1988E72364}.Release|Any CPU.Build.0 = Release|Any CPU
		{C0345BB3-F942-4C3B-85C9-573F281C2162}.Debug|Any CPU.ActiveCfg = Debug|Any CPU
		{C0345BB3-F942-4C3B-85C9-573F281C2162}.Debug|Any CPU.Build.0 = Debug|Any CPU
		{C0345BB3-F942-4C3B-85C9-573F281C2162}.Release|Any CPU.ActiveCfg = Release|Any CPU
		{C0345BB3-F942-4C3B-85C9-573F281C2162}.Release|Any CPU.Build.0 = Release|Any CPU
		{C005D493-F80C-4348-9BA4-D7E01F5D5D7F}.Debug|Any CPU.ActiveCfg = Debug|Any CPU
		{C005D493-F80C-4348-9BA4-D7E01F5D5D7F}.Debug|Any CPU.Build.0 = Debug|Any CPU
		{C005D493-F80C-4348-9BA4-D7E01F5D5D7F}.Release|Any CPU.ActiveCfg = Release|Any CPU
		{C005D493-F80C-4348-9BA4-D7E01F5D5D7F}.Release|Any CPU.Build.0 = Release|Any CPU
		{24A1A24E-22EF-49B1-83E2-7BD0AB73BDE3}.Debug|Any CPU.ActiveCfg = Debug|Any CPU
		{24A1A24E-22EF-49B1-83E2-7BD0AB73BDE3}.Debug|Any CPU.Build.0 = Debug|Any CPU
		{24A1A24E-22EF-49B1-83E2-7BD0AB73BDE3}.Release|Any CPU.ActiveCfg = Release|Any CPU
		{24A1A24E-22EF-49B1-83E2-7BD0AB73BDE3}.Release|Any CPU.Build.0 = Release|Any CPU
		{8D2FDABF-AE22-4CC5-9C3A-0A95A4061E3F}.Debug|Any CPU.ActiveCfg = Debug|Any CPU
		{8D2FDABF-AE22-4CC5-9C3A-0A95A4061E3F}.Debug|Any CPU.Build.0 = Debug|Any CPU
		{8D2FDABF-AE22-4CC5-9C3A-0A95A4061E3F}.Release|Any CPU.ActiveCfg = Release|Any CPU
		{8D2FDABF-AE22-4CC5-9C3A-0A95A4061E3F}.Release|Any CPU.Build.0 = Release|Any CPU
	EndGlobalSection
	GlobalSection(SolutionProperties) = preSolution
		HideSolutionNode = FALSE
	EndGlobalSection
EndGlobal
